
Microsoft Visual Studio Solution File, Format Version 12.00
# Visual Studio Version 16
VisualStudioVersion = 16.0.31624.102
MinimumVisualStudioVersion = 10.0.40219.1
Project("{FAE04EC0-301F-11D3-BF4B-00C04F79EFBC}") = "Aluguel", "Aluguel.csproj", "{BBBE3AF9-C18D-495F-9763-F1C4D9C0C096}"
EndProject
Global
	GlobalSection(SolutionConfigurationPlatforms) = preSolution
		Debug|Any CPU = Debug|Any CPU
		Release|Any CPU = Release|Any CPU
	EndGlobalSection
	GlobalSection(ProjectConfigurationPlatforms) = postSolution
		{BBBE3AF9-C18D-495F-9763-F1C4D9C0C096}.Debug|Any CPU.ActiveCfg = Debug|Any CPU
		{BBBE3AF9-C18D-495F-9763-F1C4D9C0C096}.Debug|Any CPU.Build.0 = Debug|Any CPU
		{BBBE3AF9-C18D-495F-9763-F1C4D9C0C096}.Release|Any CPU.ActiveCfg = Release|Any CPU
		{BBBE3AF9-C18D-495F-9763-F1C4D9C0C096}.Release|Any CPU.Build.0 = Release|Any CPU
	EndGlobalSection
	GlobalSection(SolutionProperties) = preSolution
		HideSolutionNode = FALSE
	EndGlobalSection
	GlobalSection(ExtensibilityGlobals) = postSolution
		SolutionGuid = {170ACC1D-7D80-4B53-8952-4992E7389F81}
	EndGlobalSection
EndGlobal
